
Microsoft Visual Studio Solution File, Format Version 12.00
# Visual Studio Version 17
VisualStudioVersion = 17.8.34511.84
MinimumVisualStudioVersion = 10.0.40219.1
Project("{2150E333-8FDC-42A3-9474-1A3956D46DE8}") = "src", "src", "{F27EA491-F669-4F51-B8E3-5B233C2B91EB}"
EndProject
Project("{2150E333-8FDC-42A3-9474-1A3956D46DE8}") = "tests", "tests", "{670D5DC6-6796-4761-AB79-DBFC14A26367}"
EndProject
Project("{9A19103F-16F7-4668-BE54-9A1E7A4F7556}") = "Api.Tests", "Tests\Api.Tests.csproj", "{A8EE7A21-B2A8-49F7-8398-D0B1182999D8}"
EndProject
Project("{E53339B2-1760-4266-BCC7-CA923CBCF16C}") = "docker-compose", "docker-compose.dcproj", "{E579B631-6509-42EA-BD4D-D4E127AD814A}"
EndProject
Project("{9A19103F-16F7-4668-BE54-9A1E7A4F7556}") = "shared", "src\shared\shared.csproj", "{925354F6-4D54-4CC8-BCBC-04F9EC260612}"
EndProject
Project("{9A19103F-16F7-4668-BE54-9A1E7A4F7556}") = "domain", "src\domain\domain.csproj", "{BC14D509-2A8A-44E5-957C-09071BCE1133}"
EndProject
Project("{9A19103F-16F7-4668-BE54-9A1E7A4F7556}") = "infra", "src\infra\infra.csproj", "{CEE92DF5-420C-43FF-8346-3E6A71DFC4A4}"
EndProject
Project("{9A19103F-16F7-4668-BE54-9A1E7A4F7556}") = "application", "src\application\application.csproj", "{F112DE49-8A6A-4073-B203-FE2A9E464ADB}"
EndProject
Project("{9A19103F-16F7-4668-BE54-9A1E7A4F7556}") = "api", "src\api\api.csproj", "{BB6B73A8-C370-46CE-9FA7-17B39E7636EB}"
EndProject
Global
	GlobalSection(SolutionConfigurationPlatforms) = preSolution
		Debug|Any CPU = Debug|Any CPU
		Release|Any CPU = Release|Any CPU
	EndGlobalSection
	GlobalSection(ProjectConfigurationPlatforms) = postSolution
		{A8EE7A21-B2A8-49F7-8398-D0B1182999D8}.Debug|Any CPU.ActiveCfg = Debug|Any CPU
		{A8EE7A21-B2A8-49F7-8398-D0B1182999D8}.Debug|Any CPU.Build.0 = Debug|Any CPU
		{A8EE7A21-B2A8-49F7-8398-D0B1182999D8}.Release|Any CPU.ActiveCfg = Release|Any CPU
		{A8EE7A21-B2A8-49F7-8398-D0B1182999D8}.Release|Any CPU.Build.0 = Release|Any CPU
		{E579B631-6509-42EA-BD4D-D4E127AD814A}.Debug|Any CPU.ActiveCfg = Debug|Any CPU
		{E579B631-6509-42EA-BD4D-D4E127AD814A}.Debug|Any CPU.Build.0 = Debug|Any CPU
		{E579B631-6509-42EA-BD4D-D4E127AD814A}.Release|Any CPU.ActiveCfg = Release|Any CPU
		{E579B631-6509-42EA-BD4D-D4E127AD814A}.Release|Any CPU.Build.0 = Release|Any CPU
		{925354F6-4D54-4CC8-BCBC-04F9EC260612}.Debug|Any CPU.ActiveCfg = Debug|Any CPU
		{925354F6-4D54-4CC8-BCBC-04F9EC260612}.Debug|Any CPU.Build.0 = Debug|Any CPU
		{925354F6-4D54-4CC8-BCBC-04F9EC260612}.Release|Any CPU.ActiveCfg = Release|Any CPU
		{925354F6-4D54-4CC8-BCBC-04F9EC260612}.Release|Any CPU.Build.0 = Release|Any CPU
		{BC14D509-2A8A-44E5-957C-09071BCE1133}.Debug|Any CPU.ActiveCfg = Debug|Any CPU
		{BC14D509-2A8A-44E5-957C-09071BCE1133}.Debug|Any CPU.Build.0 = Debug|Any CPU
		{BC14D509-2A8A-44E5-957C-09071BCE1133}.Release|Any CPU.ActiveCfg = Release|Any CPU
		{BC14D509-2A8A-44E5-957C-09071BCE1133}.Release|Any CPU.Build.0 = Release|Any CPU
		{CEE92DF5-420C-43FF-8346-3E6A71DFC4A4}.Debug|Any CPU.ActiveCfg = Debug|Any CPU
		{CEE92DF5-420C-43FF-8346-3E6A71DFC4A4}.Debug|Any CPU.Build.0 = Debug|Any CPU
		{CEE92DF5-420C-43FF-8346-3E6A71DFC4A4}.Release|Any CPU.ActiveCfg = Release|Any CPU
		{CEE92DF5-420C-43FF-8346-3E6A71DFC4A4}.Release|Any CPU.Build.0 = Release|Any CPU
		{F112DE49-8A6A-4073-B203-FE2A9E464ADB}.Debug|Any CPU.ActiveCfg = Debug|Any CPU
		{F112DE49-8A6A-4073-B203-FE2A9E464ADB}.Debug|Any CPU.Build.0 = Debug|Any CPU
		{F112DE49-8A6A-4073-B203-FE2A9E464ADB}.Release|Any CPU.ActiveCfg = Release|Any CPU
		{F112DE49-8A6A-4073-B203-FE2A9E464ADB}.Release|Any CPU.Build.0 = Release|Any CPU
		{BB6B73A8-C370-46CE-9FA7-17B39E7636EB}.Debug|Any CPU.ActiveCfg = Debug|Any CPU
		{BB6B73A8-C370-46CE-9FA7-17B39E7636EB}.Debug|Any CPU.Build.0 = Debug|Any CPU
		{BB6B73A8-C370-46CE-9FA7-17B39E7636EB}.Release|Any CPU.ActiveCfg = Release|Any CPU
		{BB6B73A8-C370-46CE-9FA7-17B39E7636EB}.Release|Any CPU.Build.0 = Release|Any CPU
	EndGlobalSection
	GlobalSection(SolutionProperties) = preSolution
		HideSolutionNode = FALSE
	EndGlobalSection
	GlobalSection(NestedProjects) = preSolution
		{A8EE7A21-B2A8-49F7-8398-D0B1182999D8} = {670D5DC6-6796-4761-AB79-DBFC14A26367}
		{925354F6-4D54-4CC8-BCBC-04F9EC260612} = {F27EA491-F669-4F51-B8E3-5B233C2B91EB}
		{BC14D509-2A8A-44E5-957C-09071BCE1133} = {F27EA491-F669-4F51-B8E3-5B233C2B91EB}
		{CEE92DF5-420C-43FF-8346-3E6A71DFC4A4} = {F27EA491-F669-4F51-B8E3-5B233C2B91EB}
		{F112DE49-8A6A-4073-B203-FE2A9E464ADB} = {F27EA491-F669-4F51-B8E3-5B233C2B91EB}
		{BB6B73A8-C370-46CE-9FA7-17B39E7636EB} = {F27EA491-F669-4F51-B8E3-5B233C2B91EB}
	EndGlobalSection
	GlobalSection(ExtensibilityGlobals) = postSolution
		SolutionGuid = {8B157AF1-69C1-4BCF-B02E-5F3DFCE5018F}
	EndGlobalSection
EndGlobal
